{
	"name": "dynamic-modules",
	"version": "1.0",
	"lockfileVersion": 2,
	"requires": true,
	"packages": {
		"": {
			"name": "dynamic-modules",
			"version": "1.0",
			"dependencies": {
				"dijit": "",
				"dojo": "",
				"dojox": "",
				"esri": "",
				"jimu": "",
				"util": ""
			}
		},
		"node_modules/@babel/parser": {
			"version": "7.20.13",
			"resolved": "https://registry.npmjs.org/@babel/parser/-/parser-7.20.13.tgz",
			"integrity": "sha512-gFDLKMfpiXCsjt4za2JA9oTMn70CeseCehb11kRZgvd7+F67Hih3OHOK24cRrWECJ/ljfPGac6ygXAs/C8kIvw==",
			"bin": {
				"parser": "bin/babel-parser.js"
			},
			"engines": {
				"node": ">=6.0.0"
			}
		},
		"node_modules/@vue/compiler-sfc": {
			"version": "2.7.14",
			"resolved": "https://registry.npmjs.org/@vue/compiler-sfc/-/compiler-sfc-2.7.14.tgz",
			"integrity": "sha512-aNmNHyLPsw+sVvlQFQ2/8sjNuLtK54TC6cuKnVzAY93ks4ZBrvwQSnkkIh7bsbNhum5hJBS00wSDipQ937f5DA==",
			"dependencies": {
				"@babel/parser": "^7.18.4",
				"postcss": "^8.4.14",
				"source-map": "^0.6.1"
			}
		},
		"node_modules/available-typed-arrays": {
			"version": "1.0.5",
			"resolved": "https://registry.npmjs.org/available-typed-arrays/-/available-typed-arrays-1.0.5.tgz",
			"integrity": "sha512-DMD0KiN46eipeziST1LPP/STfDU0sufISXmjSgvVsoU2tqxctQeASejWcfNtxYKqETM1UxQ8sp2OrSBWpHY6sw==",
			"engines": {
				"node": ">= 0.4"
			},
			"funding": {
				"url": "https://github.com/sponsors/ljharb"
			}
		},
		"node_modules/call-bind": {
			"version": "1.0.2",
			"resolved": "https://registry.npmjs.org/call-bind/-/call-bind-1.0.2.tgz",
			"integrity": "sha512-7O+FbCihrB5WGbFYesctwmTKae6rOiIzmz1icreWJ+0aA7LJfuqhEso2T9ncpcFtzMQtzXf2QGGueWJGTYsqrA==",
			"dependencies": {
				"function-bind": "^1.1.1",
				"get-intrinsic": "^1.0.2"
			},
			"funding": {
				"url": "https://github.com/sponsors/ljharb"
			}
		},
		"node_modules/csstype": {
			"version": "3.1.1",
			"resolved": "https://registry.npmjs.org/csstype/-/csstype-3.1.1.tgz",
			"integrity": "sha512-DJR/VvkAvSZW9bTouZue2sSxDwdTN92uHjqeKVm+0dAqdfNykRzQ95tay8aXMBAAPpUiq4Qcug2L7neoRh2Egw=="
		},
		"node_modules/dijit": {
			"version": "1.17.3",
			"resolved": "https://registry.npmjs.org/dijit/-/dijit-1.17.3.tgz",
			"integrity": "sha512-QS+1bNhPT+BF9E+iomQSi5qI+o3oUNSx1r5TF8WlGH4LybGZP+IIGJBOO5/41YduBPljVXhY7vaPsgrycxC6UQ==",
			"dependencies": {
				"dojo": "1.17.3"
			}
		},
		"node_modules/dojo": {
			"version": "1.17.3",
			"resolved": "https://registry.npmjs.org/dojo/-/dojo-1.17.3.tgz",
			"integrity": "sha512-iWDx1oSfCEDnIrs8cMW7Zh9Fbjgxu8iRagFz+Qi2eya3MXIAxFXKhv2A7dpi+bfpMpFozLwcsLV8URLw6BsHsA=="
		},
		"node_modules/dojox": {
			"version": "1.17.3",
			"resolved": "https://registry.npmjs.org/dojox/-/dojox-1.17.3.tgz",
			"integrity": "sha512-n2SvGoVTZlOQUQmoqEfW6oGAfmyBtjl4DzWkxoojdTxBq8O0r7pDKBrW3nRrpQW9uZFHfB1XIA3BXS0cnrue/Q==",
			"dependencies": {
				"dijit": "1.17.3",
				"dojo": "1.17.3"
			}
		},
		"node_modules/esri": {
			"version": "0.0.1-security",
			"resolved": "https://registry.npmjs.org/esri/-/esri-0.0.1-security.tgz",
			"integrity": "sha512-v0qH/G4iDFaQ6jf+C3KK4RCRh4j8fyxuXs9vICKDVRQedhp7Ar5Nwx6purTGu3YUycaZqe6HEoISnAmfWaGk8w=="
		},
		"node_modules/for-each": {
			"version": "0.3.3",
			"resolved": "https://registry.npmjs.org/for-each/-/for-each-0.3.3.tgz",
			"integrity": "sha512-jqYfLp7mo9vIyQf8ykW2v7A+2N4QjeCeI5+Dz9XraiO1ign81wjiH7Fb9vSOWvQfNtmSa4H2RoQTrrXivdUZmw==",
			"dependencies": {
				"is-callable": "^1.1.3"
			}
		},
		"node_modules/function-bind": {
			"version": "1.1.1",
			"resolved": "https://registry.npmjs.org/function-bind/-/function-bind-1.1.1.tgz",
			"integrity": "sha512-yIovAzMX49sF8Yl58fSCWJ5svSLuaibPxXQJFLmBObTuCr0Mf1KiPopGM9NiFjiYBCbfaa2Fh6breQ6ANVTI0A=="
		},
		"node_modules/get-intrinsic": {
			"version": "1.2.0",
			"resolved": "https://registry.npmjs.org/get-intrinsic/-/get-intrinsic-1.2.0.tgz",
			"integrity": "sha512-L049y6nFOuom5wGyRc3/gdTLO94dySVKRACj1RmJZBQXlbTMhtNIgkWkUHq+jYmZvKf14EW1EoJnnjbmoHij0Q==",
			"dependencies": {
				"function-bind": "^1.1.1",
				"has": "^1.0.3",
				"has-symbols": "^1.0.3"
			},
			"funding": {
				"url": "https://github.com/sponsors/ljharb"
			}
		},
		"node_modules/gopd": {
			"version": "1.0.1",
			"resolved": "https://registry.npmjs.org/gopd/-/gopd-1.0.1.tgz",
			"integrity": "sha512-d65bNlIadxvpb/A2abVdlqKqV563juRnZ1Wtk6s1sIR8uNsXR70xqIzVqxVf1eTqDunwT2MkczEeaezCKTZhwA==",
			"dependencies": {
				"get-intrinsic": "^1.1.3"
			},
			"funding": {
				"url": "https://github.com/sponsors/ljharb"
			}
		},
		"node_modules/has": {
			"version": "1.0.3",
			"resolved": "https://registry.npmjs.org/has/-/has-1.0.3.tgz",
			"integrity": "sha512-f2dvO0VU6Oej7RkWJGrehjbzMAjFp5/VKPp5tTpWIV4JHHZK1/BxbFRtf/siA2SWTe09caDmVtYYzWEIbBS4zw==",
			"dependencies": {
				"function-bind": "^1.1.1"
			},
			"engines": {
				"node": ">= 0.4.0"
			}
		},
		"node_modules/has-symbols": {
			"version": "1.0.3",
			"resolved": "https://registry.npmjs.org/has-symbols/-/has-symbols-1.0.3.tgz",
			"integrity": "sha512-l3LCuF6MgDNwTDKkdYGEihYjt5pRPbEg46rtlmnSPlUbgmB8LOIrKJbYYFBSbnPaJexMKtiPO8hmeRjRz2Td+A==",
			"engines": {
				"node": ">= 0.4"
			},
			"funding": {
				"url": "https://github.com/sponsors/ljharb"
			}
		},
		"node_modules/has-tostringtag": {
			"version": "1.0.0",
			"resolved": "https://registry.npmjs.org/has-tostringtag/-/has-tostringtag-1.0.0.tgz",
			"integrity": "sha512-kFjcSNhnlGV1kyoGk7OXKSawH5JOb/LzUc5w9B02hOTO0dfFRjbHQKvg1d6cf3HbeUmtU9VbbV3qzZ2Teh97WQ==",
			"dependencies": {
				"has-symbols": "^1.0.2"
			},
			"engines": {
				"node": ">= 0.4"
			},
			"funding": {
				"url": "https://github.com/sponsors/ljharb"
			}
		},
		"node_modules/inherits": {
			"version": "2.0.4",
			"resolved": "https://registry.npmjs.org/inherits/-/inherits-2.0.4.tgz",
			"integrity": "sha512-k/vGaX4/Yla3WzyMCvTQOXYeIHvqOKtnqBduzTHpzpQZzAskKMhZ2K+EnBiSM9zGSoIFeMpXKxa4dYeZIQqewQ=="
		},
		"node_modules/is-arguments": {
			"version": "1.1.1",
			"resolved": "https://registry.npmjs.org/is-arguments/-/is-arguments-1.1.1.tgz",
			"integrity": "sha512-8Q7EARjzEnKpt/PCD7e1cgUS0a6X8u5tdSiMqXhojOdoV9TsMsiO+9VLC5vAmO8N7/GmXn7yjR8qnA6bVAEzfA==",
			"dependencies": {
				"call-bind": "^1.0.2",
				"has-tostringtag": "^1.0.0"
			},
			"engines": {
				"node": ">= 0.4"
			},
			"funding": {
				"url": "https://github.com/sponsors/ljharb"
			}
		},
		"node_modules/is-callable": {
			"version": "1.2.7",
			"resolved": "https://registry.npmjs.org/is-callable/-/is-callable-1.2.7.tgz",
			"integrity": "sha512-1BC0BVFhS/p0qtw6enp8e+8OD0UrK0oFLztSjNzhcKA3WDuJxxAPXzPuPtKkjEY9UUoEWlX/8fgKeu2S8i9JTA==",
			"engines": {
				"node": ">= 0.4"
			},
			"funding": {
				"url": "https://github.com/sponsors/ljharb"
			}
		},
		"node_modules/is-generator-function": {
			"version": "1.0.10",
			"resolved": "https://registry.npmjs.org/is-generator-function/-/is-generator-function-1.0.10.tgz",
			"integrity": "sha512-jsEjy9l3yiXEQ+PsXdmBwEPcOxaXWLspKdplFUVI9vq1iZgIekeC0L167qeu86czQaxed3q/Uzuw0swL0irL8A==",
			"dependencies": {
				"has-tostringtag": "^1.0.0"
			},
			"engines": {
				"node": ">= 0.4"
			},
			"funding": {
				"url": "https://github.com/sponsors/ljharb"
			}
		},
		"node_modules/is-typed-array": {
			"version": "1.1.10",
			"resolved": "https://registry.npmjs.org/is-typed-array/-/is-typed-array-1.1.10.tgz",
			"integrity": "sha512-PJqgEHiWZvMpaFZ3uTc8kHPM4+4ADTlDniuQL7cU/UDA0Ql7F70yGfHph3cLNe+c9toaigv+DFzTJKhc2CtO6A==",
			"dependencies": {
				"available-typed-arrays": "^1.0.5",
				"call-bind": "^1.0.2",
				"for-each": "^0.3.3",
				"gopd": "^1.0.1",
				"has-tostringtag": "^1.0.0"
			},
			"engines": {
				"node": ">= 0.4"
			},
			"funding": {
				"url": "https://github.com/sponsors/ljharb"
			}
		},
		"node_modules/iscroll": {
			"version": "5.2.0",
			"resolved": "https://registry.npmjs.org/iscroll/-/iscroll-5.2.0.tgz",
			"integrity": "sha512-HyEu3cR8ulc0JONuQq6yht7s4iYgIPpYvy0h8IJflOUMDB95pwZ7e5FQtA6qfCESxhfxv7JZb9kIQe0JFPL05g==",
			"deprecated": "deprecated"
		},
		"node_modules/jimu": {
			"version": "0.0.94",
			"resolved": "https://registry.npmjs.org/jimu/-/jimu-0.0.94.tgz",
			"integrity": "sha512-z1AgwHSRXzaWvFGiyoetfxEIJutDNM2Gd7LjrwqbF0vC8Tjt8HTu48bsuHgiy34A6homxcM23NX+yhxfNJvzgw==",
			"dependencies": {
				"iscroll": "^5.2.0",
				"popper.js": "^1.9.1",
				"vue": "^2.2.6",
				"vue-router": "^2.3.1"
			},
			"engines": {
				"node": ">= 4.0.0",
				"npm": ">= 3.0.0"
			}
		},
		"node_modules/nanoid": {
			"version": "3.3.4",
			"resolved": "https://registry.npmjs.org/nanoid/-/nanoid-3.3.4.tgz",
			"integrity": "sha512-MqBkQh/OHTS2egovRtLk45wEyNXwF+cokD+1YPf9u5VfJiRdAiRwB2froX5Co9Rh20xs4siNPm8naNotSD6RBw==",
			"bin": {
				"nanoid": "bin/nanoid.cjs"
			},
			"engines": {
				"node": "^10 || ^12 || ^13.7 || ^14 || >=15.0.1"
			}
		},
		"node_modules/picocolors": {
			"version": "1.0.0",
			"resolved": "https://registry.npmjs.org/picocolors/-/picocolors-1.0.0.tgz",
			"integrity": "sha512-1fygroTLlHu66zi26VoTDv8yRgm0Fccecssto+MhsZ0D/DGW2sm8E8AjW7NU5VVTRt5GxbeZ5qBuJr+HyLYkjQ=="
		},
		"node_modules/popper.js": {
			"version": "1.16.1",
			"resolved": "https://registry.npmjs.org/popper.js/-/popper.js-1.16.1.tgz",
			"integrity": "sha512-Wb4p1J4zyFTbM+u6WuO4XstYx4Ky9Cewe4DWrel7B0w6VVICvPwdOpotjzcf6eD8TsckVnIMNONQyPIUFOUbCQ==",
			"deprecated": "You can find the new Popper v2 at @popperjs/core, this package is dedicated to the legacy v1",
			"funding": {
				"type": "opencollective",
				"url": "https://opencollective.com/popperjs"
			}
		},
		"node_modules/postcss": {
			"version": "8.4.21",
			"resolved": "https://registry.npmjs.org/postcss/-/postcss-8.4.21.tgz",
			"integrity": "sha512-tP7u/Sn/dVxK2NnruI4H9BG+x+Wxz6oeZ1cJ8P6G/PZY0IKk4k/63TDsQf2kQq3+qoJeLm2kIBUNlZe3zgb4Zg==",
			"funding": [
				{
					"type": "opencollective",
					"url": "https://opencollective.com/postcss/"
				},
				{
					"type": "tidelift",
					"url": "https://tidelift.com/funding/github/npm/postcss"
				}
			],
			"dependencies": {
				"nanoid": "^3.3.4",
				"picocolors": "^1.0.0",
				"source-map-js": "^1.0.2"
			},
			"engines": {
				"node": "^10 || ^12 || >=14"
			}
		},
		"node_modules/source-map": {
			"version": "0.6.1",
			"resolved": "https://registry.npmjs.org/source-map/-/source-map-0.6.1.tgz",
			"integrity": "sha512-UjgapumWlbMhkBgzT7Ykc5YXUT46F0iKu8SGXq0bcwP5dz/h0Plj6enJqjz1Zbq2l5WaqYnrVbwWOWMyF3F47g==",
			"engines": {
				"node": ">=0.10.0"
			}
		},
		"node_modules/source-map-js": {
			"version": "1.0.2",
			"resolved": "https://registry.npmjs.org/source-map-js/-/source-map-js-1.0.2.tgz",
			"integrity": "sha512-R0XvVJ9WusLiqTCEiGCmICCMplcCkIwwR11mOSD9CR5u+IXYdiseeEuXCVAjS54zqwkLcPNnmU4OeJ6tUrWhDw==",
			"engines": {
				"node": ">=0.10.0"
			}
		},
		"node_modules/util": {
			"version": "0.12.5",
			"resolved": "https://registry.npmjs.org/util/-/util-0.12.5.tgz",
			"integrity": "sha512-kZf/K6hEIrWHI6XqOFUiiMa+79wE/D8Q+NCNAWclkyg3b4d2k7s0QGepNjiABc+aR3N1PAyHL7p6UcLY6LmrnA==",
			"dependencies": {
				"inherits": "^2.0.3",
				"is-arguments": "^1.0.4",
				"is-generator-function": "^1.0.7",
				"is-typed-array": "^1.1.3",
				"which-typed-array": "^1.1.2"
			}
		},
		"node_modules/vue": {
			"version": "2.7.14",
			"resolved": "https://registry.npmjs.org/vue/-/vue-2.7.14.tgz",
			"integrity": "sha512-b2qkFyOM0kwqWFuQmgd4o+uHGU7T+2z3T+WQp8UBjADfEv2n4FEMffzBmCKNP0IGzOEEfYjvtcC62xaSKeQDrQ==",
			"dependencies": {
				"@vue/compiler-sfc": "2.7.14",
				"csstype": "^3.1.0"
			}
		},
		"node_modules/vue-router": {
			"version": "2.8.1",
			"resolved": "https://registry.npmjs.org/vue-router/-/vue-router-2.8.1.tgz",
			"integrity": "sha512-MC4jacHBhTPKtmcfzvaj2N7g6jgJ/Z/eIjZdt+yUaUOM1iKC0OUIlO/xCtz6OZFFTNUJs/1YNro2GN/lE+nOXA=="
		},
		"node_modules/which-typed-array": {
			"version": "1.1.9",
			"resolved": "https://registry.npmjs.org/which-typed-array/-/which-typed-array-1.1.9.tgz",
			"integrity": "sha512-w9c4xkx6mPidwp7180ckYWfMmvxpjlZuIudNtDf4N/tTAUB8VJbX25qZoAsrtGuYNnGw3pa0AXgbGKRB8/EceA==",
			"dependencies": {
				"available-typed-arrays": "^1.0.5",
				"call-bind": "^1.0.2",
				"for-each": "^0.3.3",
				"gopd": "^1.0.1",
				"has-tostringtag": "^1.0.0",
				"is-typed-array": "^1.1.10"
			},
			"engines": {
				"node": ">= 0.4"
			},
			"funding": {
				"url": "https://github.com/sponsors/ljharb"
			}
		}
	},
	"dependencies": {
		"@babel/parser": {
			"version": "7.20.13",
			"resolved": "https://registry.npmjs.org/@babel/parser/-/parser-7.20.13.tgz",
			"integrity": "sha512-gFDLKMfpiXCsjt4za2JA9oTMn70CeseCehb11kRZgvd7+F67Hih3OHOK24cRrWECJ/ljfPGac6ygXAs/C8kIvw=="
		},
		"@vue/compiler-sfc": {
			"version": "2.7.14",
			"resolved": "https://registry.npmjs.org/@vue/compiler-sfc/-/compiler-sfc-2.7.14.tgz",
			"integrity": "sha512-aNmNHyLPsw+sVvlQFQ2/8sjNuLtK54TC6cuKnVzAY93ks4ZBrvwQSnkkIh7bsbNhum5hJBS00wSDipQ937f5DA==",
			"requires": {
				"@babel/parser": "^7.18.4",
				"postcss": "^8.4.14",
				"source-map": "^0.6.1"
			}
		},
		"available-typed-arrays": {
			"version": "1.0.5",
			"resolved": "https://registry.npmjs.org/available-typed-arrays/-/available-typed-arrays-1.0.5.tgz",
			"integrity": "sha512-DMD0KiN46eipeziST1LPP/STfDU0sufISXmjSgvVsoU2tqxctQeASejWcfNtxYKqETM1UxQ8sp2OrSBWpHY6sw=="
		},
		"call-bind": {
			"version": "1.0.2",
			"resolved": "https://registry.npmjs.org/call-bind/-/call-bind-1.0.2.tgz",
			"integrity": "sha512-7O+FbCihrB5WGbFYesctwmTKae6rOiIzmz1icreWJ+0aA7LJfuqhEso2T9ncpcFtzMQtzXf2QGGueWJGTYsqrA==",
			"requires": {
				"function-bind": "^1.1.1",
				"get-intrinsic": "^1.0.2"
			}
		},
		"csstype": {
			"version": "3.1.1",
			"resolved": "https://registry.npmjs.org/csstype/-/csstype-3.1.1.tgz",
			"integrity": "sha512-DJR/VvkAvSZW9bTouZue2sSxDwdTN92uHjqeKVm+0dAqdfNykRzQ95tay8aXMBAAPpUiq4Qcug2L7neoRh2Egw=="
		},
		"dijit": {
			"version": "1.17.3",
			"resolved": "https://registry.npmjs.org/dijit/-/dijit-1.17.3.tgz",
			"integrity": "sha512-QS+1bNhPT+BF9E+iomQSi5qI+o3oUNSx1r5TF8WlGH4LybGZP+IIGJBOO5/41YduBPljVXhY7vaPsgrycxC6UQ==",
			"requires": {
				"dojo": "1.17.3"
			}
		},
		"dojo": {
			"version": "1.17.3",
			"resolved": "https://registry.npmjs.org/dojo/-/dojo-1.17.3.tgz",
			"integrity": "sha512-iWDx1oSfCEDnIrs8cMW7Zh9Fbjgxu8iRagFz+Qi2eya3MXIAxFXKhv2A7dpi+bfpMpFozLwcsLV8URLw6BsHsA=="
		},
		"dojox": {
			"version": "1.17.3",
			"resolved": "https://registry.npmjs.org/dojox/-/dojox-1.17.3.tgz",
			"integrity": "sha512-n2SvGoVTZlOQUQmoqEfW6oGAfmyBtjl4DzWkxoojdTxBq8O0r7pDKBrW3nRrpQW9uZFHfB1XIA3BXS0cnrue/Q==",
			"requires": {
				"dijit": "1.17.3",
				"dojo": "1.17.3"
			}
		},
		"esri": {
			"version": "0.0.1-security",
			"resolved": "https://registry.npmjs.org/esri/-/esri-0.0.1-security.tgz",
			"integrity": "sha512-v0qH/G4iDFaQ6jf+C3KK4RCRh4j8fyxuXs9vICKDVRQedhp7Ar5Nwx6purTGu3YUycaZqe6HEoISnAmfWaGk8w=="
		},
		"for-each": {
			"version": "0.3.3",
			"resolved": "https://registry.npmjs.org/for-each/-/for-each-0.3.3.tgz",
			"integrity": "sha512-jqYfLp7mo9vIyQf8ykW2v7A+2N4QjeCeI5+Dz9XraiO1ign81wjiH7Fb9vSOWvQfNtmSa4H2RoQTrrXivdUZmw==",
			"requires": {
				"is-callable": "^1.1.3"
			}
		},
		"function-bind": {
			"version": "1.1.1",
			"resolved": "https://registry.npmjs.org/function-bind/-/function-bind-1.1.1.tgz",
			"integrity": "sha512-yIovAzMX49sF8Yl58fSCWJ5svSLuaibPxXQJFLmBObTuCr0Mf1KiPopGM9NiFjiYBCbfaa2Fh6breQ6ANVTI0A=="
		},
		"get-intrinsic": {
			"version": "1.2.0",
			"resolved": "https://registry.npmjs.org/get-intrinsic/-/get-intrinsic-1.2.0.tgz",
			"integrity": "sha512-L049y6nFOuom5wGyRc3/gdTLO94dySVKRACj1RmJZBQXlbTMhtNIgkWkUHq+jYmZvKf14EW1EoJnnjbmoHij0Q==",
			"requires": {
				"function-bind": "^1.1.1",
				"has": "^1.0.3",
				"has-symbols": "^1.0.3"
			}
		},
		"gopd": {
			"version": "1.0.1",
			"resolved": "https://registry.npmjs.org/gopd/-/gopd-1.0.1.tgz",
			"integrity": "sha512-d65bNlIadxvpb/A2abVdlqKqV563juRnZ1Wtk6s1sIR8uNsXR70xqIzVqxVf1eTqDunwT2MkczEeaezCKTZhwA==",
			"requires": {
				"get-intrinsic": "^1.1.3"
			}
		},
		"has": {
			"version": "1.0.3",
			"resolved": "https://registry.npmjs.org/has/-/has-1.0.3.tgz",
			"integrity": "sha512-f2dvO0VU6Oej7RkWJGrehjbzMAjFp5/VKPp5tTpWIV4JHHZK1/BxbFRtf/siA2SWTe09caDmVtYYzWEIbBS4zw==",
			"requires": {
				"function-bind": "^1.1.1"
			}
		},
		"has-symbols": {
			"version": "1.0.3",
			"resolved": "https://registry.npmjs.org/has-symbols/-/has-symbols-1.0.3.tgz",
			"integrity": "sha512-l3LCuF6MgDNwTDKkdYGEihYjt5pRPbEg46rtlmnSPlUbgmB8LOIrKJbYYFBSbnPaJexMKtiPO8hmeRjRz2Td+A=="
		},
		"has-tostringtag": {
			"version": "1.0.0",
			"resolved": "https://registry.npmjs.org/has-tostringtag/-/has-tostringtag-1.0.0.tgz",
			"integrity": "sha512-kFjcSNhnlGV1kyoGk7OXKSawH5JOb/LzUc5w9B02hOTO0dfFRjbHQKvg1d6cf3HbeUmtU9VbbV3qzZ2Teh97WQ==",
			"requires": {
				"has-symbols": "^1.0.2"
			}
		},
		"inherits": {
			"version": "2.0.4",
			"resolved": "https://registry.npmjs.org/inherits/-/inherits-2.0.4.tgz",
			"integrity": "sha512-k/vGaX4/Yla3WzyMCvTQOXYeIHvqOKtnqBduzTHpzpQZzAskKMhZ2K+EnBiSM9zGSoIFeMpXKxa4dYeZIQqewQ=="
		},
		"is-arguments": {
			"version": "1.1.1",
			"resolved": "https://registry.npmjs.org/is-arguments/-/is-arguments-1.1.1.tgz",
			"integrity": "sha512-8Q7EARjzEnKpt/PCD7e1cgUS0a6X8u5tdSiMqXhojOdoV9TsMsiO+9VLC5vAmO8N7/GmXn7yjR8qnA6bVAEzfA==",
			"requires": {
				"call-bind": "^1.0.2",
				"has-tostringtag": "^1.0.0"
			}
		},
		"is-callable": {
			"version": "1.2.7",
			"resolved": "https://registry.npmjs.org/is-callable/-/is-callable-1.2.7.tgz",
			"integrity": "sha512-1BC0BVFhS/p0qtw6enp8e+8OD0UrK0oFLztSjNzhcKA3WDuJxxAPXzPuPtKkjEY9UUoEWlX/8fgKeu2S8i9JTA=="
		},
		"is-generator-function": {
			"version": "1.0.10",
			"resolved": "https://registry.npmjs.org/is-generator-function/-/is-generator-function-1.0.10.tgz",
			"integrity": "sha512-jsEjy9l3yiXEQ+PsXdmBwEPcOxaXWLspKdplFUVI9vq1iZgIekeC0L167qeu86czQaxed3q/Uzuw0swL0irL8A==",
			"requires": {
				"has-tostringtag": "^1.0.0"
			}
		},
		"is-typed-array": {
			"version": "1.1.10",
			"resolved": "https://registry.npmjs.org/is-typed-array/-/is-typed-array-1.1.10.tgz",
			"integrity": "sha512-PJqgEHiWZvMpaFZ3uTc8kHPM4+4ADTlDniuQL7cU/UDA0Ql7F70yGfHph3cLNe+c9toaigv+DFzTJKhc2CtO6A==",
			"requires": {
				"available-typed-arrays": "^1.0.5",
				"call-bind": "^1.0.2",
				"for-each": "^0.3.3",
				"gopd": "^1.0.1",
				"has-tostringtag": "^1.0.0"
			}
		},
		"iscroll": {
			"version": "5.2.0",
			"resolved": "https://registry.npmjs.org/iscroll/-/iscroll-5.2.0.tgz",
			"integrity": "sha512-HyEu3cR8ulc0JONuQq6yht7s4iYgIPpYvy0h8IJflOUMDB95pwZ7e5FQtA6qfCESxhfxv7JZb9kIQe0JFPL05g=="
		},
		"jimu": {
			"version": "0.0.94",
			"resolved": "https://registry.npmjs.org/jimu/-/jimu-0.0.94.tgz",
			"integrity": "sha512-z1AgwHSRXzaWvFGiyoetfxEIJutDNM2Gd7LjrwqbF0vC8Tjt8HTu48bsuHgiy34A6homxcM23NX+yhxfNJvzgw==",
			"requires": {
				"iscroll": "^5.2.0",
				"popper.js": "^1.9.1",
				"vue": "^2.2.6",
				"vue-router": "^2.3.1"
			}
		},
		"nanoid": {
			"version": "3.3.4",
			"resolved": "https://registry.npmjs.org/nanoid/-/nanoid-3.3.4.tgz",
			"integrity": "sha512-MqBkQh/OHTS2egovRtLk45wEyNXwF+cokD+1YPf9u5VfJiRdAiRwB2froX5Co9Rh20xs4siNPm8naNotSD6RBw=="
		},
		"picocolors": {
			"version": "1.0.0",
			"resolved": "https://registry.npmjs.org/picocolors/-/picocolors-1.0.0.tgz",
			"integrity": "sha512-1fygroTLlHu66zi26VoTDv8yRgm0Fccecssto+MhsZ0D/DGW2sm8E8AjW7NU5VVTRt5GxbeZ5qBuJr+HyLYkjQ=="
		},
		"popper.js": {
			"version": "1.16.1",
			"resolved": "https://registry.npmjs.org/popper.js/-/popper.js-1.16.1.tgz",
			"integrity": "sha512-Wb4p1J4zyFTbM+u6WuO4XstYx4Ky9Cewe4DWrel7B0w6VVICvPwdOpotjzcf6eD8TsckVnIMNONQyPIUFOUbCQ=="
		},
		"postcss": {
			"version": "8.4.21",
			"resolved": "https://registry.npmjs.org/postcss/-/postcss-8.4.21.tgz",
			"integrity": "sha512-tP7u/Sn/dVxK2NnruI4H9BG+x+Wxz6oeZ1cJ8P6G/PZY0IKk4k/63TDsQf2kQq3+qoJeLm2kIBUNlZe3zgb4Zg==",
			"requires": {
				"nanoid": "^3.3.4",
				"picocolors": "^1.0.0",
				"source-map-js": "^1.0.2"
			}
		},
		"source-map": {
			"version": "0.6.1",
			"resolved": "https://registry.npmjs.org/source-map/-/source-map-0.6.1.tgz",
			"integrity": "sha512-UjgapumWlbMhkBgzT7Ykc5YXUT46F0iKu8SGXq0bcwP5dz/h0Plj6enJqjz1Zbq2l5WaqYnrVbwWOWMyF3F47g=="
		},
		"source-map-js": {
			"version": "1.0.2",
			"resolved": "https://registry.npmjs.org/source-map-js/-/source-map-js-1.0.2.tgz",
			"integrity": "sha512-R0XvVJ9WusLiqTCEiGCmICCMplcCkIwwR11mOSD9CR5u+IXYdiseeEuXCVAjS54zqwkLcPNnmU4OeJ6tUrWhDw=="
		},
		"util": {
			"version": "0.12.5",
			"resolved": "https://registry.npmjs.org/util/-/util-0.12.5.tgz",
			"integrity": "sha512-kZf/K6hEIrWHI6XqOFUiiMa+79wE/D8Q+NCNAWclkyg3b4d2k7s0QGepNjiABc+aR3N1PAyHL7p6UcLY6LmrnA==",
			"requires": {
				"inherits": "^2.0.3",
				"is-arguments": "^1.0.4",
				"is-generator-function": "^1.0.7",
				"is-typed-array": "^1.1.3",
				"which-typed-array": "^1.1.2"
			}
		},
		"vue": {
			"version": "2.7.14",
			"resolved": "https://registry.npmjs.org/vue/-/vue-2.7.14.tgz",
			"integrity": "sha512-b2qkFyOM0kwqWFuQmgd4o+uHGU7T+2z3T+WQp8UBjADfEv2n4FEMffzBmCKNP0IGzOEEfYjvtcC62xaSKeQDrQ==",
			"requires": {
				"@vue/compiler-sfc": "2.7.14",
				"csstype": "^3.1.0"
			}
		},
		"vue-router": {
			"version": "2.8.1",
			"resolved": "https://registry.npmjs.org/vue-router/-/vue-router-2.8.1.tgz",
			"integrity": "sha512-MC4jacHBhTPKtmcfzvaj2N7g6jgJ/Z/eIjZdt+yUaUOM1iKC0OUIlO/xCtz6OZFFTNUJs/1YNro2GN/lE+nOXA=="
		},
		"which-typed-array": {
			"version": "1.1.9",
			"resolved": "https://registry.npmjs.org/which-typed-array/-/which-typed-array-1.1.9.tgz",
			"integrity": "sha512-w9c4xkx6mPidwp7180ckYWfMmvxpjlZuIudNtDf4N/tTAUB8VJbX25qZoAsrtGuYNnGw3pa0AXgbGKRB8/EceA==",
			"requires": {
				"available-typed-arrays": "^1.0.5",
				"call-bind": "^1.0.2",
				"for-each": "^0.3.3",
				"gopd": "^1.0.1",
				"has-tostringtag": "^1.0.0",
				"is-typed-array": "^1.1.10"
			}
		}
	}
}
